<?xml version="1.0" encoding="utf-8"?>
<Project ToolsVersion="4.0" xmlns="http://schemas.microsoft.com/developer/msbuild/2003">
  <ItemGroup>
    <ClCompile Include="pch.cpp" />
    <ClCompile Include="include\Demo\Tile.cpp" />
    <ClCompile Include="include\Demo\TileSpawner.cpp" />
    <ClCompile Include="include\Platformer\CollisionManagere.cpp" />
    <ClCompile Include="include\Runner\CollisionManager.cpp" />
    <ClCompile Include="include\BulletHell\Bullet.cpp" />
    <ClCompile Include="include\Runner\Player.cpp" />
    <ClCompile Include="include\Platformer\Playere.cpp" />
    <ClCompile Include="Scenes\Platformer\Platformer.cpp" />
    <ClCompile Include="Scenes\BulletHell\BulletScene.cpp" />
    <ClCompile Include="include\Tetris\Shapes.cpp" />
    <ClCompile Include="main.cpp" />
    <ClCompile Include="include\Demo\Mechant.cpp" />
    <ClCompile Include="Scenes\Demo\DemoScene.cpp" />
    <ClCompile Include="Scenes\Tetris\TetrisScene.cpp" />
    <ClCompile Include="include\BulletHell\Shooter.cpp" />
    <ClCompile Include="WaveManager.cpp" />
    <ClCompile Include="Scenes\M_BulletHell\BulletHelScene.cpp" />
    <ClCompile Include="include\M_BulletHell\Player.cpp" />
    <ClCompile Include="include\M_BulletHell\Enemy.cpp" />
    <ClCompile Include="include\M_BulletHell\Bullets.cpp" />
  </ItemGroup>
  <ItemGroup>
    <ClInclude Include="include\Demo\TileCounter.h" />
    <ClInclude Include="include\Demo\TileSpawner.h" />
    <ClInclude Include="include\pch.h" />
    <ClInclude Include="include\Platformer\CollisionManagere.h" />
    <ClInclude Include="include\Runner\CollisionManager.h" />
    <ClInclude Include="include\BulletHell\Bullet.h" />
    <ClInclude Include="include\Runner\Player.h" />
    <ClInclude Include="include\Platformer\Playere.h" />
    <ClInclude Include="Scenes\Platformer\Platformer.h" />
    <ClInclude Include="Scenes\BulletHell\BulletScene.h" />
    <ClInclude Include="include\Demo\Bullet.h" />
    <ClInclude Include="include\Demo\Player.h" />
    <ClInclude Include="include\Demo\Tile.h" />
    <ClInclude Include="include\Demo\Mechant.h" />
    <ClInclude Include="include\Tetris\Shapes.h" />
    <ClInclude Include="Scenes\Demo\DemoScene.h" />
    <ClInclude Include="Scenes\Tetris\TetrisScene.h" />
    <ClInclude Include="include\BulletHell\Shooter.h" />
    <ClInclude Include="WaveManager.h" />
    <ClInclude Include="Scenes\M_BulletHell\BulletHelScene.h" />
    <ClInclude Include="include\M_BulletHell\Player.h" />
    <ClInclude Include="include\M_BulletHell\Enemy.h" />
    <ClInclude Include="include\M_BulletHell\Bullets.h" />
  </ItemGroup>
  <ItemGroup>
    <None Include="packages.config" />
  </ItemGroup>
</Project>