<?xml version="1.0" encoding="utf-8"?>
<Project ToolsVersion="4.0" xmlns="http://schemas.microsoft.com/developer/msbuild/2003">
  <ItemGroup>
    <ClCompile Include="pch.cpp" />
    <ClCompile Include="include\Demo\TileSpawner.cpp" />
    <ClCompile Include="include\BulletHell\Bullet.cpp" />
    <ClCompile Include="Scenes\BulletHell\BulletScene.cpp" />
    <ClCompile Include="include\Demo\Tile.cpp" />
    <ClCompile Include="include\Tetris\Shapes.cpp" />
    <ClCompile Include="main.cpp" />
    <ClCompile Include="include\Demo\Mechant.cpp" />
    <ClCompile Include="Scenes\Demo\DemoScene.cpp" />
    <ClCompile Include="Scenes\Tetris\TetrisScene.cpp" />
    <ClCompile Include="include\BulletHell\Shooter.cpp" />
    <ClCompile Include="WaveManager.cpp" />
    <ClCompile Include="Scenes\Runner\RunnerScene.cpp" />
  </ItemGroup>
  <ItemGroup>
    <ClInclude Include="include\Demo\TileCounter.h" />
    <ClInclude Include="include\Demo\TileSpawner.h" />
    <ClInclude Include="include\pch.h" />
    <ClInclude Include="include\BulletHell\Bullet.h" />
    <ClInclude Include="Scenes\BulletHell\BulletScene.h" />
    <ClInclude Include="include\Demo\Bullet.h" />
    <ClInclude Include="include\Demo\Player.h" />
    <ClInclude Include="include\Demo\Tile.h" />
    <ClInclude Include="include\Demo\Mechant.h" />
    <ClInclude Include="include\Tetris\Shapes.h" />
    <ClInclude Include="Scenes\Demo\DemoScene.h" />
    <ClInclude Include="Scenes\Tetris\TetrisScene.h" />
    <ClInclude Include="include\BulletHell\Shooter.h" />
    <ClInclude Include="WaveManager.h" />
    <ClInclude Include="Scenes\Runner\RunnerScene.h" />
  </ItemGroup>
  <ItemGroup>
    <None Include="packages.config" />
  </ItemGroup>
</Project>